
Microsoft Visual Studio Solution File, Format Version 12.00
# Visual Studio Version 16
VisualStudioVersion = 16.0.33027.164
MinimumVisualStudioVersion = 10.0.40219.1
Project("{FAE04EC0-301F-11D3-BF4B-00C04F79EFBC}") = "Biblioteka", "Biblioteka\Biblioteka.csproj", "{2869968A-C93C-4994-9163-D000D1CA87C9}"
EndProject
Global
	GlobalSection(SolutionConfigurationPlatforms) = preSolution
		Debug|Any CPU = Debug|Any CPU
		Release|Any CPU = Release|Any CPU
	EndGlobalSection
	GlobalSection(ProjectConfigurationPlatforms) = postSolution
		{2869968A-C93C-4994-9163-D000D1CA87C9}.Debug|Any CPU.ActiveCfg = Debug|Any CPU
		{2869968A-C93C-4994-9163-D000D1CA87C9}.Debug|Any CPU.Build.0 = Debug|Any CPU
		{2869968A-C93C-4994-9163-D000D1CA87C9}.Release|Any CPU.ActiveCfg = Release|Any CPU
		{2869968A-C93C-4994-9163-D000D1CA87C9}.Release|Any CPU.Build.0 = Release|Any CPU
	EndGlobalSection
	GlobalSection(SolutionProperties) = preSolution
		HideSolutionNode = FALSE
	EndGlobalSection
	GlobalSection(ExtensibilityGlobals) = postSolution
		SolutionGuid = {BA2BAF26-E878-4910-9BBA-04B34639238F}
	EndGlobalSection
EndGlobal
